
Microsoft Visual Studio Solution File, Format Version 12.00
# Visual Studio Version 17
VisualStudioVersion = 17.13.35825.156 d17.13
MinimumVisualStudioVersion = 10.0.40219.1
Project("{FAE04EC0-301F-11D3-BF4B-00C04F79EFBC}") = "ExploringActions", "ExploringActions\ExploringActions.csproj", "{97731B14-DF97-4C20-8A67-22B6E6F525D5}"
EndProject
Project("{FAE04EC0-301F-11D3-BF4B-00C04F79EFBC}") = "TestExploringActions", "TestExploringActions\TestExploringActions.csproj", "{2376BD9C-4A6B-4CAE-9ADA-D1EEE7230284}"
EndProject
Global
	GlobalSection(SolutionConfigurationPlatforms) = preSolution
		Debug|Any CPU = Debug|Any CPU
		Release|Any CPU = Release|Any CPU
	EndGlobalSection
	GlobalSection(ProjectConfigurationPlatforms) = postSolution
		{97731B14-DF97-4C20-8A67-22B6E6F525D5}.Debug|Any CPU.ActiveCfg = Debug|Any CPU
		{97731B14-DF97-4C20-8A67-22B6E6F525D5}.Debug|Any CPU.Build.0 = Debug|Any CPU
		{97731B14-DF97-4C20-8A67-22B6E6F525D5}.Release|Any CPU.ActiveCfg = Release|Any CPU
		{97731B14-DF97-4C20-8A67-22B6E6F525D5}.Release|Any CPU.Build.0 = Release|Any CPU
		{2376BD9C-4A6B-4CAE-9ADA-D1EEE7230284}.Debug|Any CPU.ActiveCfg = Debug|Any CPU
		{2376BD9C-4A6B-4CAE-9ADA-D1EEE7230284}.Debug|Any CPU.Build.0 = Debug|Any CPU
		{2376BD9C-4A6B-4CAE-9ADA-D1EEE7230284}.Release|Any CPU.ActiveCfg = Release|Any CPU
		{2376BD9C-4A6B-4CAE-9ADA-D1EEE7230284}.Release|Any CPU.Build.0 = Release|Any CPU
	EndGlobalSection
	GlobalSection(SolutionProperties) = preSolution
		HideSolutionNode = FALSE
	EndGlobalSection
	GlobalSection(ExtensibilityGlobals) = postSolution
		SolutionGuid = {76BACDEF-7BC2-49D1-8775-1380605CC825}
	EndGlobalSection
EndGlobal
